
Microsoft Visual Studio Solution File, Format Version 12.00
# Visual Studio Version 17
VisualStudioVersion = 17.4.33103.184
MinimumVisualStudioVersion = 10.0.40219.1
Project("{FAE04EC0-301F-11D3-BF4B-00C04F79EFBC}") = "CapenexisLearners2022", "CapenexisLearners2022\CapenexisLearners2022.csproj", "{13BF37EA-3946-420F-96CB-D9520C30CDD3}"
EndProject
Global
	GlobalSection(SolutionConfigurationPlatforms) = preSolution
		Debug|Any CPU = Debug|Any CPU
		Release|Any CPU = Release|Any CPU
	EndGlobalSection
	GlobalSection(ProjectConfigurationPlatforms) = postSolution
		{13BF37EA-3946-420F-96CB-D9520C30CDD3}.Debug|Any CPU.ActiveCfg = Debug|Any CPU
		{13BF37EA-3946-420F-96CB-D9520C30CDD3}.Debug|Any CPU.Build.0 = Debug|Any CPU
		{13BF37EA-3946-420F-96CB-D9520C30CDD3}.Release|Any CPU.ActiveCfg = Release|Any CPU
		{13BF37EA-3946-420F-96CB-D9520C30CDD3}.Release|Any CPU.Build.0 = Release|Any CPU
	EndGlobalSection
	GlobalSection(SolutionProperties) = preSolution
		HideSolutionNode = FALSE
	EndGlobalSection
	GlobalSection(ExtensibilityGlobals) = postSolution
		SolutionGuid = {11A95DD4-AC2F-4A87-828E-6B50CCB6D036}
	EndGlobalSection
EndGlobal
